{
  "originHash" : "83995fc325e058c04eab074406b71469e4bc0aadde7ebdd33135288d26903d0e",
  "pins" : [
    {
      "identity" : "effects-library",
      "kind" : "remoteSourceControl",
      "location" : "https://github.com/GetStream/effects-library",
      "state" : {
        "revision" : "09ebd8e7536aa6dd70a48042244524e895ccd2aa",
        "version" : "1.0.0"
      }
    },
    {
      "identity" : "lottie-ios",
      "kind" : "remoteSourceControl",
      "location" : "https://github.com/airbnb/lottie-ios.git",
      "state" : {
        "revision" : "047aa81b77adcbf583a966dfef620d17650cc656",
        "version" : "4.5.1"
      }
    }
  ],
  "version" : 3
}
